
Microsoft Visual Studio Solution File, Format Version 12.00
# Visual Studio Version 16
VisualStudioVersion = 16.0.32126.315
MinimumVisualStudioVersion = 10.0.40219.1
Project("{FAE04EC0-301F-11D3-BF4B-00C04F79EFBC}") = "Animals", "Animals\Animals.csproj", "{868A2671-0A95-4720-BF5A-1E7C93846F4C}"
EndProject
Project("{FAE04EC0-301F-11D3-BF4B-00C04F79EFBC}") = "Models", "Models\Models.csproj", "{CAC49243-0C35-4075-8DBB-4CDA4CAE1803}"
EndProject
Global
	GlobalSection(SolutionConfigurationPlatforms) = preSolution
		Debug|Any CPU = Debug|Any CPU
		Release|Any CPU = Release|Any CPU
	EndGlobalSection
	GlobalSection(ProjectConfigurationPlatforms) = postSolution
		{868A2671-0A95-4720-BF5A-1E7C93846F4C}.Debug|Any CPU.ActiveCfg = Debug|Any CPU
		{868A2671-0A95-4720-BF5A-1E7C93846F4C}.Debug|Any CPU.Build.0 = Debug|Any CPU
		{868A2671-0A95-4720-BF5A-1E7C93846F4C}.Release|Any CPU.ActiveCfg = Release|Any CPU
		{868A2671-0A95-4720-BF5A-1E7C93846F4C}.Release|Any CPU.Build.0 = Release|Any CPU
		{CAC49243-0C35-4075-8DBB-4CDA4CAE1803}.Debug|Any CPU.ActiveCfg = Debug|Any CPU
		{CAC49243-0C35-4075-8DBB-4CDA4CAE1803}.Debug|Any CPU.Build.0 = Debug|Any CPU
		{CAC49243-0C35-4075-8DBB-4CDA4CAE1803}.Release|Any CPU.ActiveCfg = Release|Any CPU
		{CAC49243-0C35-4075-8DBB-4CDA4CAE1803}.Release|Any CPU.Build.0 = Release|Any CPU
	EndGlobalSection
	GlobalSection(SolutionProperties) = preSolution
		HideSolutionNode = FALSE
	EndGlobalSection
	GlobalSection(ExtensibilityGlobals) = postSolution
		SolutionGuid = {64D4E3FF-2659-4C00-9167-F17323D8BC3B}
	EndGlobalSection
EndGlobal
